
Microsoft Visual Studio Solution File, Format Version 12.00
# Visual Studio 15
VisualStudioVersion = 15.0.28307.1082
MinimumVisualStudioVersion = 10.0.40219.1
Project("{FAE04EC0-301F-11D3-BF4B-00C04F79EFBC}") = "ContactListApp", "ContactListApp\ContactListApp.csproj", "{C76434AD-C7CA-442A-83B3-4DCF1C3B323B}"
EndProject
Global
	GlobalSection(SolutionConfigurationPlatforms) = preSolution
		Debug|Any CPU = Debug|Any CPU
		Release|Any CPU = Release|Any CPU
	EndGlobalSection
	GlobalSection(ProjectConfigurationPlatforms) = postSolution
		{C76434AD-C7CA-442A-83B3-4DCF1C3B323B}.Debug|Any CPU.ActiveCfg = Debug|Any CPU
		{C76434AD-C7CA-442A-83B3-4DCF1C3B323B}.Debug|Any CPU.Build.0 = Debug|Any CPU
		{C76434AD-C7CA-442A-83B3-4DCF1C3B323B}.Release|Any CPU.ActiveCfg = Release|Any CPU
		{C76434AD-C7CA-442A-83B3-4DCF1C3B323B}.Release|Any CPU.Build.0 = Release|Any CPU
	EndGlobalSection
	GlobalSection(SolutionProperties) = preSolution
		HideSolutionNode = FALSE
	EndGlobalSection
	GlobalSection(ExtensibilityGlobals) = postSolution
		SolutionGuid = {32705248-1AF8-4A45-AC8C-7D245A9E59AA}
	EndGlobalSection
EndGlobal
